
Microsoft Visual Studio Solution File, Format Version 12.00
# Visual Studio Version 17
VisualStudioVersion = 17.2.32602.215
MinimumVisualStudioVersion = 10.0.40219.1
Project("{FAE04EC0-301F-11D3-BF4B-00C04F79EFBC}") = "DataBaseFirstApproach", "DataBaseFirstApproach\DataBaseFirstApproach.csproj", "{9C2A3FA4-5CA6-4B4F-B2F4-68C0E58F07AB}"
EndProject
Global
	GlobalSection(SolutionConfigurationPlatforms) = preSolution
		Debug|Any CPU = Debug|Any CPU
		Release|Any CPU = Release|Any CPU
	EndGlobalSection
	GlobalSection(ProjectConfigurationPlatforms) = postSolution
		{9C2A3FA4-5CA6-4B4F-B2F4-68C0E58F07AB}.Debug|Any CPU.ActiveCfg = Debug|Any CPU
		{9C2A3FA4-5CA6-4B4F-B2F4-68C0E58F07AB}.Debug|Any CPU.Build.0 = Debug|Any CPU
		{9C2A3FA4-5CA6-4B4F-B2F4-68C0E58F07AB}.Release|Any CPU.ActiveCfg = Release|Any CPU
		{9C2A3FA4-5CA6-4B4F-B2F4-68C0E58F07AB}.Release|Any CPU.Build.0 = Release|Any CPU
	EndGlobalSection
	GlobalSection(SolutionProperties) = preSolution
		HideSolutionNode = FALSE
	EndGlobalSection
	GlobalSection(ExtensibilityGlobals) = postSolution
		SolutionGuid = {311686A2-E901-4BBA-A6E6-C59FC0DE729F}
	EndGlobalSection
EndGlobal
